
Microsoft Visual Studio Solution File, Format Version 12.00
# Visual Studio Version 17
VisualStudioVersion = 17.14.36623.8
MinimumVisualStudioVersion = 10.0.40219.1
Project("{FAE04EC0-301F-11D3-BF4B-00C04F79EFBC}") = "Academy", "Academy\Academy.csproj", "{0F283006-5403-4462-9386-9CC83E8085FB}"
EndProject
Project("{FAE04EC0-301F-11D3-BF4B-00C04F79EFBC}") = "AbstractBaseClass", "AbstractBaseClass\AbstractBaseClass.csproj", "{0DB2C74C-4FBF-444F-B9D2-BA1585A85292}"
EndProject
Global
	GlobalSection(SolutionConfigurationPlatforms) = preSolution
		Debug|Any CPU = Debug|Any CPU
		Release|Any CPU = Release|Any CPU
	EndGlobalSection
	GlobalSection(ProjectConfigurationPlatforms) = postSolution
		{0F283006-5403-4462-9386-9CC83E8085FB}.Debug|Any CPU.ActiveCfg = Debug|Any CPU
		{0F283006-5403-4462-9386-9CC83E8085FB}.Debug|Any CPU.Build.0 = Debug|Any CPU
		{0F283006-5403-4462-9386-9CC83E8085FB}.Release|Any CPU.ActiveCfg = Release|Any CPU
		{0F283006-5403-4462-9386-9CC83E8085FB}.Release|Any CPU.Build.0 = Release|Any CPU
		{0DB2C74C-4FBF-444F-B9D2-BA1585A85292}.Debug|Any CPU.ActiveCfg = Debug|Any CPU
		{0DB2C74C-4FBF-444F-B9D2-BA1585A85292}.Debug|Any CPU.Build.0 = Debug|Any CPU
		{0DB2C74C-4FBF-444F-B9D2-BA1585A85292}.Release|Any CPU.ActiveCfg = Release|Any CPU
		{0DB2C74C-4FBF-444F-B9D2-BA1585A85292}.Release|Any CPU.Build.0 = Release|Any CPU
	EndGlobalSection
	GlobalSection(SolutionProperties) = preSolution
		HideSolutionNode = FALSE
	EndGlobalSection
	GlobalSection(ExtensibilityGlobals) = postSolution
		SolutionGuid = {FB41F5C0-61BC-4637-B224-582F3B2276FC}
	EndGlobalSection
EndGlobal
